
Microsoft Visual Studio Solution File, Format Version 12.00
# Visual Studio Version 16
VisualStudioVersion = 16.0.29230.47
MinimumVisualStudioVersion = 10.0.40219.1
Project("{FAE04EC0-301F-11D3-BF4B-00C04F79EFBC}") = "GameConsole", "GameConsole\GameConsole.csproj", "{DFE0323A-1E03-4F3A-BC48-9D659C859B8D}"
EndProject
Project("{FAE04EC0-301F-11D3-BF4B-00C04F79EFBC}") = "DAL", "DAL\DAL.csproj", "{38E01A67-7E86-42FD-95E2-1BE80DA845AF}"
EndProject
Project("{FAE04EC0-301F-11D3-BF4B-00C04F79EFBC}") = "BL", "BL\BL.csproj", "{997B1369-134A-4ECF-855B-342AE819F899}"
EndProject
Global
	GlobalSection(SolutionConfigurationPlatforms) = preSolution
		Debug|Any CPU = Debug|Any CPU
		Release|Any CPU = Release|Any CPU
	EndGlobalSection
	GlobalSection(ProjectConfigurationPlatforms) = postSolution
		{DFE0323A-1E03-4F3A-BC48-9D659C859B8D}.Debug|Any CPU.ActiveCfg = Debug|Any CPU
		{DFE0323A-1E03-4F3A-BC48-9D659C859B8D}.Debug|Any CPU.Build.0 = Debug|Any CPU
		{DFE0323A-1E03-4F3A-BC48-9D659C859B8D}.Release|Any CPU.ActiveCfg = Release|Any CPU
		{DFE0323A-1E03-4F3A-BC48-9D659C859B8D}.Release|Any CPU.Build.0 = Release|Any CPU
		{38E01A67-7E86-42FD-95E2-1BE80DA845AF}.Debug|Any CPU.ActiveCfg = Debug|Any CPU
		{38E01A67-7E86-42FD-95E2-1BE80DA845AF}.Debug|Any CPU.Build.0 = Debug|Any CPU
		{38E01A67-7E86-42FD-95E2-1BE80DA845AF}.Release|Any CPU.ActiveCfg = Release|Any CPU
		{38E01A67-7E86-42FD-95E2-1BE80DA845AF}.Release|Any CPU.Build.0 = Release|Any CPU
		{997B1369-134A-4ECF-855B-342AE819F899}.Debug|Any CPU.ActiveCfg = Debug|Any CPU
		{997B1369-134A-4ECF-855B-342AE819F899}.Debug|Any CPU.Build.0 = Debug|Any CPU
		{997B1369-134A-4ECF-855B-342AE819F899}.Release|Any CPU.ActiveCfg = Release|Any CPU
		{997B1369-134A-4ECF-855B-342AE819F899}.Release|Any CPU.Build.0 = Release|Any CPU
	EndGlobalSection
	GlobalSection(SolutionProperties) = preSolution
		HideSolutionNode = FALSE
	EndGlobalSection
	GlobalSection(ExtensibilityGlobals) = postSolution
		SolutionGuid = {9A271618-BADF-4906-832C-A1EB94DE56D4}
	EndGlobalSection
EndGlobal
